
Microsoft Visual Studio Solution File, Format Version 12.00
# Visual Studio Version 17
VisualStudioVersion = 17.0.31903.59
MinimumVisualStudioVersion = 10.0.40219.1
Project("{2150E333-8FDC-42A3-9474-1A3956D46DE8}") = "Back", "Back", "{45136D78-05F1-47F7-8566-132E28FA6D28}"
EndProject
Project("{2150E333-8FDC-42A3-9474-1A3956D46DE8}") = "src", "src", "{F1C11254-99F4-45CD-8FC0-37B0BB45848D}"
EndProject
Project("{FAE04EC0-301F-11D3-BF4B-00C04F79EFBC}") = "ProEventos.API", "Back\src\ProEventos.API\ProEventos.API.csproj", "{1841CBB9-5479-45A9-AAB7-953CF85F4677}"
EndProject
Project("{FAE04EC0-301F-11D3-BF4B-00C04F79EFBC}") = "ProEventos.Application", "Back\src\ProEventos.Application\ProEventos.Application.csproj", "{DB78FB42-A659-46CB-94D6-E32FAF39CA6D}"
EndProject
Project("{FAE04EC0-301F-11D3-BF4B-00C04F79EFBC}") = "ProEventos.Domain", "Back\src\ProEventos.Domain\ProEventos.Domain.csproj", "{CCC077D0-FE89-4B87-9032-7C281AB1F450}"
EndProject
Project("{FAE04EC0-301F-11D3-BF4B-00C04F79EFBC}") = "ProEventos.Persistence", "Back\src\ProEventos.Persistence\ProEventos.Persistence.csproj", "{B231A678-0DFC-4625-B507-4A71C9233FB6}"
EndProject
Project("{2150E333-8FDC-42A3-9474-1A3956D46DE8}") = "test", "test", "{7D0D1163-B216-41C4-8195-94FC926C94D5}"
EndProject
Project("{FAE04EC0-301F-11D3-BF4B-00C04F79EFBC}") = "ProEventos.Test", "Back\test\ProEventos.Test\ProEventos.Test.csproj", "{5E7F8443-FDED-4D80-9AEB-C63986D0F003}"
EndProject
Global
	GlobalSection(SolutionConfigurationPlatforms) = preSolution
		Debug|Any CPU = Debug|Any CPU
		Release|Any CPU = Release|Any CPU
	EndGlobalSection
	GlobalSection(SolutionProperties) = preSolution
		HideSolutionNode = FALSE
	EndGlobalSection
	GlobalSection(ProjectConfigurationPlatforms) = postSolution
		{1841CBB9-5479-45A9-AAB7-953CF85F4677}.Debug|Any CPU.ActiveCfg = Debug|Any CPU
		{1841CBB9-5479-45A9-AAB7-953CF85F4677}.Debug|Any CPU.Build.0 = Debug|Any CPU
		{1841CBB9-5479-45A9-AAB7-953CF85F4677}.Release|Any CPU.ActiveCfg = Release|Any CPU
		{1841CBB9-5479-45A9-AAB7-953CF85F4677}.Release|Any CPU.Build.0 = Release|Any CPU
		{DB78FB42-A659-46CB-94D6-E32FAF39CA6D}.Debug|Any CPU.ActiveCfg = Debug|Any CPU
		{DB78FB42-A659-46CB-94D6-E32FAF39CA6D}.Debug|Any CPU.Build.0 = Debug|Any CPU
		{DB78FB42-A659-46CB-94D6-E32FAF39CA6D}.Release|Any CPU.ActiveCfg = Release|Any CPU
		{DB78FB42-A659-46CB-94D6-E32FAF39CA6D}.Release|Any CPU.Build.0 = Release|Any CPU
		{CCC077D0-FE89-4B87-9032-7C281AB1F450}.Debug|Any CPU.ActiveCfg = Debug|Any CPU
		{CCC077D0-FE89-4B87-9032-7C281AB1F450}.Debug|Any CPU.Build.0 = Debug|Any CPU
		{CCC077D0-FE89-4B87-9032-7C281AB1F450}.Release|Any CPU.ActiveCfg = Release|Any CPU
		{CCC077D0-FE89-4B87-9032-7C281AB1F450}.Release|Any CPU.Build.0 = Release|Any CPU
		{B231A678-0DFC-4625-B507-4A71C9233FB6}.Debug|Any CPU.ActiveCfg = Debug|Any CPU
		{B231A678-0DFC-4625-B507-4A71C9233FB6}.Debug|Any CPU.Build.0 = Debug|Any CPU
		{B231A678-0DFC-4625-B507-4A71C9233FB6}.Release|Any CPU.ActiveCfg = Release|Any CPU
		{B231A678-0DFC-4625-B507-4A71C9233FB6}.Release|Any CPU.Build.0 = Release|Any CPU
		{5E7F8443-FDED-4D80-9AEB-C63986D0F003}.Debug|Any CPU.ActiveCfg = Debug|Any CPU
		{5E7F8443-FDED-4D80-9AEB-C63986D0F003}.Debug|Any CPU.Build.0 = Debug|Any CPU
		{5E7F8443-FDED-4D80-9AEB-C63986D0F003}.Release|Any CPU.ActiveCfg = Release|Any CPU
		{5E7F8443-FDED-4D80-9AEB-C63986D0F003}.Release|Any CPU.Build.0 = Release|Any CPU
	EndGlobalSection
	GlobalSection(NestedProjects) = preSolution
		{F1C11254-99F4-45CD-8FC0-37B0BB45848D} = {45136D78-05F1-47F7-8566-132E28FA6D28}
		{1841CBB9-5479-45A9-AAB7-953CF85F4677} = {F1C11254-99F4-45CD-8FC0-37B0BB45848D}
		{DB78FB42-A659-46CB-94D6-E32FAF39CA6D} = {F1C11254-99F4-45CD-8FC0-37B0BB45848D}
		{CCC077D0-FE89-4B87-9032-7C281AB1F450} = {F1C11254-99F4-45CD-8FC0-37B0BB45848D}
		{B231A678-0DFC-4625-B507-4A71C9233FB6} = {F1C11254-99F4-45CD-8FC0-37B0BB45848D}
		{7D0D1163-B216-41C4-8195-94FC926C94D5} = {45136D78-05F1-47F7-8566-132E28FA6D28}
		{5E7F8443-FDED-4D80-9AEB-C63986D0F003} = {7D0D1163-B216-41C4-8195-94FC926C94D5}
	EndGlobalSection
EndGlobal
